
Microsoft Visual Studio Solution File, Format Version 12.00
# Visual Studio Version 17
VisualStudioVersion = 17.4.33110.190
MinimumVisualStudioVersion = 10.0.40219.1
Project("{888888A0-9F3D-457C-B088-3A5042F75D52}") = "ApiPVGIS", "ApiPVGIS\ApiPVGIS.pyproj", "{63CAB2B9-AB4F-4074-8B5E-F978EE4F6D3D}"
EndProject
Global
	GlobalSection(SolutionConfigurationPlatforms) = preSolution
		Debug|Any CPU = Debug|Any CPU
		Release|Any CPU = Release|Any CPU
	EndGlobalSection
	GlobalSection(ProjectConfigurationPlatforms) = postSolution
		{63CAB2B9-AB4F-4074-8B5E-F978EE4F6D3D}.Debug|Any CPU.ActiveCfg = Debug|Any CPU
		{63CAB2B9-AB4F-4074-8B5E-F978EE4F6D3D}.Release|Any CPU.ActiveCfg = Release|Any CPU
	EndGlobalSection
	GlobalSection(SolutionProperties) = preSolution
		HideSolutionNode = FALSE
	EndGlobalSection
	GlobalSection(ExtensibilityGlobals) = postSolution
		SolutionGuid = {AAC70CE0-3559-4A8C-A25F-1457214D0C1D}
	EndGlobalSection
EndGlobal
